
Microsoft Visual Studio Solution File, Format Version 12.00
# Visual Studio Version 16
VisualStudioVersion = 16.0.31702.278
MinimumVisualStudioVersion = 10.0.40219.1
Project("{9A19103F-16F7-4668-BE54-9A1E7A4F7556}") = "WPF_Arcade", "WPF_Arcade.csproj", "{DA76022C-7451-444E-83C7-58F644626B91}"
EndProject
Global
	GlobalSection(SolutionConfigurationPlatforms) = preSolution
		Debug|Any CPU = Debug|Any CPU
		Release|Any CPU = Release|Any CPU
	EndGlobalSection
	GlobalSection(ProjectConfigurationPlatforms) = postSolution
		{DA76022C-7451-444E-83C7-58F644626B91}.Debug|Any CPU.ActiveCfg = Debug|Any CPU
		{DA76022C-7451-444E-83C7-58F644626B91}.Debug|Any CPU.Build.0 = Debug|Any CPU
		{DA76022C-7451-444E-83C7-58F644626B91}.Release|Any CPU.ActiveCfg = Release|Any CPU
		{DA76022C-7451-444E-83C7-58F644626B91}.Release|Any CPU.Build.0 = Release|Any CPU
	EndGlobalSection
	GlobalSection(SolutionProperties) = preSolution
		HideSolutionNode = FALSE
	EndGlobalSection
	GlobalSection(ExtensibilityGlobals) = postSolution
		SolutionGuid = {58EDF3F0-240E-4632-92B1-0F465BDE2E3C}
	EndGlobalSection
EndGlobal
