
Microsoft Visual Studio Solution File, Format Version 12.00
# Visual Studio Version 16
VisualStudioVersion = 16.0.31624.102
MinimumVisualStudioVersion = 10.0.40219.1
Project("{FAE04EC0-301F-11D3-BF4B-00C04F79EFBC}") = "Spelladenversie 2", "Spelladenversie 2\Spelladenversie 2.csproj", "{6EDF5351-13A8-41B2-B86D-837503817FEE}"
EndProject
Global
	GlobalSection(SolutionConfigurationPlatforms) = preSolution
		Debug|Any CPU = Debug|Any CPU
		Release|Any CPU = Release|Any CPU
	EndGlobalSection
	GlobalSection(ProjectConfigurationPlatforms) = postSolution
		{6EDF5351-13A8-41B2-B86D-837503817FEE}.Debug|Any CPU.ActiveCfg = Debug|Any CPU
		{6EDF5351-13A8-41B2-B86D-837503817FEE}.Debug|Any CPU.Build.0 = Debug|Any CPU
		{6EDF5351-13A8-41B2-B86D-837503817FEE}.Release|Any CPU.ActiveCfg = Release|Any CPU
		{6EDF5351-13A8-41B2-B86D-837503817FEE}.Release|Any CPU.Build.0 = Release|Any CPU
	EndGlobalSection
	GlobalSection(SolutionProperties) = preSolution
		HideSolutionNode = FALSE
	EndGlobalSection
	GlobalSection(ExtensibilityGlobals) = postSolution
		SolutionGuid = {780F5119-1011-4173-A934-39DCA9A1FD41}
	EndGlobalSection
EndGlobal
