
Microsoft Visual Studio Solution File, Format Version 12.00
# Visual Studio Version 16
VisualStudioVersion = 16.0.31624.102
MinimumVisualStudioVersion = 10.0.40219.1
Project("{FAE04EC0-301F-11D3-BF4B-00C04F79EFBC}") = "Verloren", "Verloren\Verloren.csproj", "{41EB6BCB-478A-4769-B2CF-B189A0C822F4}"
EndProject
Global
	GlobalSection(SolutionConfigurationPlatforms) = preSolution
		Debug|Any CPU = Debug|Any CPU
		Release|Any CPU = Release|Any CPU
	EndGlobalSection
	GlobalSection(ProjectConfigurationPlatforms) = postSolution
		{41EB6BCB-478A-4769-B2CF-B189A0C822F4}.Debug|Any CPU.ActiveCfg = Debug|Any CPU
		{41EB6BCB-478A-4769-B2CF-B189A0C822F4}.Debug|Any CPU.Build.0 = Debug|Any CPU
		{41EB6BCB-478A-4769-B2CF-B189A0C822F4}.Release|Any CPU.ActiveCfg = Release|Any CPU
		{41EB6BCB-478A-4769-B2CF-B189A0C822F4}.Release|Any CPU.Build.0 = Release|Any CPU
	EndGlobalSection
	GlobalSection(SolutionProperties) = preSolution
		HideSolutionNode = FALSE
	EndGlobalSection
	GlobalSection(ExtensibilityGlobals) = postSolution
		SolutionGuid = {976715C3-5FD1-45AC-8EF6-D2767EA38015}
	EndGlobalSection
EndGlobal
