
Microsoft Visual Studio Solution File, Format Version 12.00
# Visual Studio Version 16
VisualStudioVersion = 16.0.31624.102
MinimumVisualStudioVersion = 10.0.40219.1
Project("{FAE04EC0-301F-11D3-BF4B-00C04F79EFBC}") = "SpelAfsluiten", "SpelAfsluiten\SpelAfsluiten.csproj", "{93D8B898-C0FC-4531-81C8-3E52155231B8}"
EndProject
Global
	GlobalSection(SolutionConfigurationPlatforms) = preSolution
		Debug|Any CPU = Debug|Any CPU
		Release|Any CPU = Release|Any CPU
	EndGlobalSection
	GlobalSection(ProjectConfigurationPlatforms) = postSolution
		{93D8B898-C0FC-4531-81C8-3E52155231B8}.Debug|Any CPU.ActiveCfg = Debug|Any CPU
		{93D8B898-C0FC-4531-81C8-3E52155231B8}.Debug|Any CPU.Build.0 = Debug|Any CPU
		{93D8B898-C0FC-4531-81C8-3E52155231B8}.Release|Any CPU.ActiveCfg = Release|Any CPU
		{93D8B898-C0FC-4531-81C8-3E52155231B8}.Release|Any CPU.Build.0 = Release|Any CPU
	EndGlobalSection
	GlobalSection(SolutionProperties) = preSolution
		HideSolutionNode = FALSE
	EndGlobalSection
	GlobalSection(ExtensibilityGlobals) = postSolution
		SolutionGuid = {95892092-AF89-4B75-9C95-F8CF4784F7F4}
	EndGlobalSection
EndGlobal
